
Microsoft Visual Studio Solution File, Format Version 12.00
# Visual Studio Version 16
VisualStudioVersion = 16.0.30413.136
MinimumVisualStudioVersion = 10.0.40219.1
Project("{FAE04EC0-301F-11D3-BF4B-00C04F79EFBC}") = "Method Exercises", "Method Exercises\Method Exercises.csproj", "{C07D41DF-C5BD-43E2-A817-2467AB6DEBBE}"
EndProject
Global
	GlobalSection(SolutionConfigurationPlatforms) = preSolution
		Debug|Any CPU = Debug|Any CPU
		Release|Any CPU = Release|Any CPU
	EndGlobalSection
	GlobalSection(ProjectConfigurationPlatforms) = postSolution
		{C07D41DF-C5BD-43E2-A817-2467AB6DEBBE}.Debug|Any CPU.ActiveCfg = Debug|Any CPU
		{C07D41DF-C5BD-43E2-A817-2467AB6DEBBE}.Debug|Any CPU.Build.0 = Debug|Any CPU
		{C07D41DF-C5BD-43E2-A817-2467AB6DEBBE}.Release|Any CPU.ActiveCfg = Release|Any CPU
		{C07D41DF-C5BD-43E2-A817-2467AB6DEBBE}.Release|Any CPU.Build.0 = Release|Any CPU
	EndGlobalSection
	GlobalSection(SolutionProperties) = preSolution
		HideSolutionNode = FALSE
	EndGlobalSection
	GlobalSection(ExtensibilityGlobals) = postSolution
		SolutionGuid = {8706152C-26B5-4A52-88F4-F47D10EE6110}
	EndGlobalSection
EndGlobal
